// !$*UTF8*$!
{
	archiveVersion = 1;
	classes = {
	};
	objectVersion = 56;
	objects = {

/* Begin PBXBuildFile section */
		BC3126F4299E4E1900DD5FD0 /* HourlyWeatherViewController.swift in Sources */ = {isa = PBXBuildFile; fileRef = BC3126F3299E4E1900DD5FD0 /* HourlyWeatherViewController.swift */; };
		BC3126F6299E51DE00DD5FD0 /* ForecastWeatherViewController.swift in Sources */ = {isa = PBXBuildFile; fileRef = BC3126F5299E51DE00DD5FD0 /* ForecastWeatherViewController.swift */; };
		BC31272229A0FD5C00DD5FD0 /* HourlyWeatherCollectionView.swift in Sources */ = {isa = PBXBuildFile; fileRef = BC31272129A0FD5C00DD5FD0 /* HourlyWeatherCollectionView.swift */; };
		BC31272529A0FF9700DD5FD0 /* HourlyWeatherCollectionCell.swift in Sources */ = {isa = PBXBuildFile; fileRef = BC31272429A0FF9700DD5FD0 /* HourlyWeatherCollectionCell.swift */; };
		BC31272829A119B200DD5FD0 /* ForecastTableView.swift in Sources */ = {isa = PBXBuildFile; fileRef = BC31272729A119B200DD5FD0 /* ForecastTableView.swift */; };
		BC31272B29A11B8500DD5FD0 /* ForecastTableViewCell.swift in Sources */ = {isa = PBXBuildFile; fileRef = BC31272A29A11B8500DD5FD0 /* ForecastTableViewCell.swift */; };
		BC31273129A2423000DD5FD0 /* RotatableViewController.swift in Sources */ = {isa = PBXBuildFile; fileRef = BC31273029A2423000DD5FD0 /* RotatableViewController.swift */; };
		BC31273429A2596500DD5FD0 /* TopLocationButton.swift in Sources */ = {isa = PBXBuildFile; fileRef = BC31273329A2596500DD5FD0 /* TopLocationButton.swift */; };
		BC31273729A2767100DD5FD0 /* CityListViewController.swift in Sources */ = {isa = PBXBuildFile; fileRef = BC31273629A2767100DD5FD0 /* CityListViewController.swift */; };
		BCB306272997BE550088ADBC /* AppDelegate.swift in Sources */ = {isa = PBXBuildFile; fileRef = BCB306262997BE550088ADBC /* AppDelegate.swift */; };
		BCB306292997BE550088ADBC /* SceneDelegate.swift in Sources */ = {isa = PBXBuildFile; fileRef = BCB306282997BE550088ADBC /* SceneDelegate.swift */; };
		BCB3062B2997BE550088ADBC /* WeatherMainViewController.swift in Sources */ = {isa = PBXBuildFile; fileRef = BCB3062A2997BE550088ADBC /* WeatherMainViewController.swift */; };
		BCB306302997BE580088ADBC /* Assets.xcassets in Resources */ = {isa = PBXBuildFile; fileRef = BCB3062F2997BE580088ADBC /* Assets.xcassets */; };
		BCB306332997BE580088ADBC /* LaunchScreen.storyboard in Resources */ = {isa = PBXBuildFile; fileRef = BCB306312997BE580088ADBC /* LaunchScreen.storyboard */; };
		BCB3063D2997C22F0088ADBC /* WeatherCoordinator.swift in Sources */ = {isa = PBXBuildFile; fileRef = BCB3063C2997C22F0088ADBC /* WeatherCoordinator.swift */; };
		BCB3063F2997C2E70088ADBC /* WeatherPresenter.swift in Sources */ = {isa = PBXBuildFile; fileRef = BCB3063E2997C2E70088ADBC /* WeatherPresenter.swift */; };
		BCB306412997C34F0088ADBC /* WeatherModel.swift in Sources */ = {isa = PBXBuildFile; fileRef = BCB306402997C34F0088ADBC /* WeatherModel.swift */; };
		BCB306432997C3A50088ADBC /* Constants.swift in Sources */ = {isa = PBXBuildFile; fileRef = BCB306422997C3A50088ADBC /* Constants.swift */; };
		BCB306452997C51A0088ADBC /* NetworkManager.swift in Sources */ = {isa = PBXBuildFile; fileRef = BCB306442997C51A0088ADBC /* NetworkManager.swift */; };
		BCB306472997CB010088ADBC /* NetworkErrors.swift in Sources */ = {isa = PBXBuildFile; fileRef = BCB306462997CB010088ADBC /* NetworkErrors.swift */; };
		BCB3064929991E2F0088ADBC /* UIView+Ext.swift in Sources */ = {isa = PBXBuildFile; fileRef = BCB3064829991E2F0088ADBC /* UIView+Ext.swift */; };
		BCB3064B299925880088ADBC /* TopNameViewController.swift in Sources */ = {isa = PBXBuildFile; fileRef = BCB3064A299925880088ADBC /* TopNameViewController.swift */; };
		BCB306552999368F0088ADBC /* UIColor+Ext.swift in Sources */ = {isa = PBXBuildFile; fileRef = BCB306542999368F0088ADBC /* UIColor+Ext.swift */; };
		BCB30659299949880088ADBC /* WeatherLabel.swift in Sources */ = {isa = PBXBuildFile; fileRef = BCB30658299949880088ADBC /* WeatherLabel.swift */; };
		BCB3065B29994A410088ADBC /* WeatherImageView.swift in Sources */ = {isa = PBXBuildFile; fileRef = BCB3065A29994A410088ADBC /* WeatherImageView.swift */; };
		BCB30661299950E10088ADBC /* DailyWeatherViewController.swift in Sources */ = {isa = PBXBuildFile; fileRef = BCB30660299950E10088ADBC /* DailyWeatherViewController.swift */; };
		BCB306632999548A0088ADBC /* DailyIndexesView.swift in Sources */ = {isa = PBXBuildFile; fileRef = BCB306622999548A0088ADBC /* DailyIndexesView.swift */; };
		BCC68D1529A28FC200A2839E /* CityTextField.swift in Sources */ = {isa = PBXBuildFile; fileRef = BCC68D1429A28FC200A2839E /* CityTextField.swift */; };
		BCC68D1729A2970300A2839E /* CityTableViewCell.swift in Sources */ = {isa = PBXBuildFile; fileRef = BCC68D1629A2970300A2839E /* CityTableViewCell.swift */; };
		BCC68D1929A2985100A2839E /* CityTableView.swift in Sources */ = {isa = PBXBuildFile; fileRef = BCC68D1829A2985100A2839E /* CityTableView.swift */; };
		BCC68D1B29A29B0100A2839E /* CitySearchBar.swift in Sources */ = {isa = PBXBuildFile; fileRef = BCC68D1A29A29B0100A2839E /* CitySearchBar.swift */; };
		BCC68D2C29A524A200A2839E /* WeatherData.swift in Sources */ = {isa = PBXBuildFile; fileRef = BCC68D2B29A524A200A2839E /* WeatherData.swift */; };
		BCC68D2E29A53BAA00A2839E /* BaseTypes+Ext.swift in Sources */ = {isa = PBXBuildFile; fileRef = BCC68D2D29A53BAA00A2839E /* BaseTypes+Ext.swift */; };
		DA2BE0DEDBE5E5506B392030 /* Pods_NatifeWeatherApp.framework in Frameworks */ = {isa = PBXBuildFile; fileRef = B5882D76B1F5D2441127BB1B /* Pods_NatifeWeatherApp.framework */; };
/* End PBXBuildFile section */

/* Begin PBXFileReference section */
		B5882D76B1F5D2441127BB1B /* Pods_NatifeWeatherApp.framework */ = {isa = PBXFileReference; explicitFileType = wrapper.framework; includeInIndex = 0; path = Pods_NatifeWeatherApp.framework; sourceTree = BUILT_PRODUCTS_DIR; };
		B70DE15088FE3E1E0557AF80 /* Pods-NatifeWeatherApp.debug.xcconfig */ = {isa = PBXFileReference; includeInIndex = 1; lastKnownFileType = text.xcconfig; name = "Pods-NatifeWeatherApp.debug.xcconfig"; path = "Target Support Files/Pods-NatifeWeatherApp/Pods-NatifeWeatherApp.debug.xcconfig"; sourceTree = "<group>"; };
		BC3126F3299E4E1900DD5FD0 /* HourlyWeatherViewController.swift */ = {isa = PBXFileReference; lastKnownFileType = sourcecode.swift; path = HourlyWeatherViewController.swift; sourceTree = "<group>"; };
		BC3126F5299E51DE00DD5FD0 /* ForecastWeatherViewController.swift */ = {isa = PBXFileReference; lastKnownFileType = sourcecode.swift; path = ForecastWeatherViewController.swift; sourceTree = "<group>"; };
		BC31272129A0FD5C00DD5FD0 /* HourlyWeatherCollectionView.swift */ = {isa = PBXFileReference; lastKnownFileType = sourcecode.swift; path = HourlyWeatherCollectionView.swift; sourceTree = "<group>"; };
		BC31272429A0FF9700DD5FD0 /* HourlyWeatherCollectionCell.swift */ = {isa = PBXFileReference; lastKnownFileType = sourcecode.swift; path = HourlyWeatherCollectionCell.swift; sourceTree = "<group>"; };
		BC31272729A119B200DD5FD0 /* ForecastTableView.swift */ = {isa = PBXFileReference; lastKnownFileType = sourcecode.swift; path = ForecastTableView.swift; sourceTree = "<group>"; };
		BC31272A29A11B8500DD5FD0 /* ForecastTableViewCell.swift */ = {isa = PBXFileReference; lastKnownFileType = sourcecode.swift; path = ForecastTableViewCell.swift; sourceTree = "<group>"; };
		BC31273029A2423000DD5FD0 /* RotatableViewController.swift */ = {isa = PBXFileReference; lastKnownFileType = sourcecode.swift; path = RotatableViewController.swift; sourceTree = "<group>"; };
		BC31273329A2596500DD5FD0 /* TopLocationButton.swift */ = {isa = PBXFileReference; lastKnownFileType = sourcecode.swift; path = TopLocationButton.swift; sourceTree = "<group>"; };
		BC31273629A2767100DD5FD0 /* CityListViewController.swift */ = {isa = PBXFileReference; lastKnownFileType = sourcecode.swift; path = CityListViewController.swift; sourceTree = "<group>"; };
		BCB306232997BE550088ADBC /* NatifeWeatherApp.app */ = {isa = PBXFileReference; explicitFileType = wrapper.application; includeInIndex = 0; path = NatifeWeatherApp.app; sourceTree = BUILT_PRODUCTS_DIR; };
		BCB306262997BE550088ADBC /* AppDelegate.swift */ = {isa = PBXFileReference; lastKnownFileType = sourcecode.swift; path = AppDelegate.swift; sourceTree = "<group>"; };
		BCB306282997BE550088ADBC /* SceneDelegate.swift */ = {isa = PBXFileReference; lastKnownFileType = sourcecode.swift; path = SceneDelegate.swift; sourceTree = "<group>"; };
		BCB3062A2997BE550088ADBC /* WeatherMainViewController.swift */ = {isa = PBXFileReference; lastKnownFileType = sourcecode.swift; path = WeatherMainViewController.swift; sourceTree = "<group>"; };
		BCB3062F2997BE580088ADBC /* Assets.xcassets */ = {isa = PBXFileReference; lastKnownFileType = folder.assetcatalog; path = Assets.xcassets; sourceTree = "<group>"; };
		BCB306322997BE580088ADBC /* Base */ = {isa = PBXFileReference; lastKnownFileType = file.storyboard; name = Base; path = Base.lproj/LaunchScreen.storyboard; sourceTree = "<group>"; };
		BCB306342997BE580088ADBC /* Info.plist */ = {isa = PBXFileReference; lastKnownFileType = text.plist.xml; path = Info.plist; sourceTree = "<group>"; };
		BCB3063C2997C22F0088ADBC /* WeatherCoordinator.swift */ = {isa = PBXFileReference; lastKnownFileType = sourcecode.swift; path = WeatherCoordinator.swift; sourceTree = "<group>"; };
		BCB3063E2997C2E70088ADBC /* WeatherPresenter.swift */ = {isa = PBXFileReference; lastKnownFileType = sourcecode.swift; path = WeatherPresenter.swift; sourceTree = "<group>"; };
		BCB306402997C34F0088ADBC /* WeatherModel.swift */ = {isa = PBXFileReference; lastKnownFileType = sourcecode.swift; path = WeatherModel.swift; sourceTree = "<group>"; };
		BCB306422997C3A50088ADBC /* Constants.swift */ = {isa = PBXFileReference; lastKnownFileType = sourcecode.swift; path = Constants.swift; sourceTree = "<group>"; };
		BCB306442997C51A0088ADBC /* NetworkManager.swift */ = {isa = PBXFileReference; lastKnownFileType = sourcecode.swift; path = NetworkManager.swift; sourceTree = "<group>"; };
		BCB306462997CB010088ADBC /* NetworkErrors.swift */ = {isa = PBXFileReference; lastKnownFileType = sourcecode.swift; path = NetworkErrors.swift; sourceTree = "<group>"; };
		BCB3064829991E2F0088ADBC /* UIView+Ext.swift */ = {isa = PBXFileReference; lastKnownFileType = sourcecode.swift; path = "UIView+Ext.swift"; sourceTree = "<group>"; };
		BCB3064A299925880088ADBC /* TopNameViewController.swift */ = {isa = PBXFileReference; lastKnownFileType = sourcecode.swift; path = TopNameViewController.swift; sourceTree = "<group>"; };
		BCB306542999368F0088ADBC /* UIColor+Ext.swift */ = {isa = PBXFileReference; lastKnownFileType = sourcecode.swift; path = "UIColor+Ext.swift"; sourceTree = "<group>"; };
		BCB30658299949880088ADBC /* WeatherLabel.swift */ = {isa = PBXFileReference; lastKnownFileType = sourcecode.swift; path = WeatherLabel.swift; sourceTree = "<group>"; };
		BCB3065A29994A410088ADBC /* WeatherImageView.swift */ = {isa = PBXFileReference; lastKnownFileType = sourcecode.swift; path = WeatherImageView.swift; sourceTree = "<group>"; };
		BCB30660299950E10088ADBC /* DailyWeatherViewController.swift */ = {isa = PBXFileReference; lastKnownFileType = sourcecode.swift; path = DailyWeatherViewController.swift; sourceTree = "<group>"; };
		BCB306622999548A0088ADBC /* DailyIndexesView.swift */ = {isa = PBXFileReference; lastKnownFileType = sourcecode.swift; path = DailyIndexesView.swift; sourceTree = "<group>"; };
		BCC68D1429A28FC200A2839E /* CityTextField.swift */ = {isa = PBXFileReference; lastKnownFileType = sourcecode.swift; path = CityTextField.swift; sourceTree = "<group>"; };
		BCC68D1629A2970300A2839E /* CityTableViewCell.swift */ = {isa = PBXFileReference; lastKnownFileType = sourcecode.swift; path = CityTableViewCell.swift; sourceTree = "<group>"; };
		BCC68D1829A2985100A2839E /* CityTableView.swift */ = {isa = PBXFileReference; lastKnownFileType = sourcecode.swift; path = CityTableView.swift; sourceTree = "<group>"; };
		BCC68D1A29A29B0100A2839E /* CitySearchBar.swift */ = {isa = PBXFileReference; lastKnownFileType = sourcecode.swift; path = CitySearchBar.swift; sourceTree = "<group>"; };
		BCC68D2B29A524A200A2839E /* WeatherData.swift */ = {isa = PBXFileReference; lastKnownFileType = sourcecode.swift; path = WeatherData.swift; sourceTree = "<group>"; };
		BCC68D2D29A53BAA00A2839E /* BaseTypes+Ext.swift */ = {isa = PBXFileReference; lastKnownFileType = sourcecode.swift; path = "BaseTypes+Ext.swift"; sourceTree = "<group>"; };
		CB10C958D77849A9ACC74AD9 /* Pods-NatifeWeatherApp.release.xcconfig */ = {isa = PBXFileReference; includeInIndex = 1; lastKnownFileType = text.xcconfig; name = "Pods-NatifeWeatherApp.release.xcconfig"; path = "Target Support Files/Pods-NatifeWeatherApp/Pods-NatifeWeatherApp.release.xcconfig"; sourceTree = "<group>"; };
/* End PBXFileReference section */

/* Begin PBXFrameworksBuildPhase section */
		BCB306202997BE550088ADBC /* Frameworks */ = {
			isa = PBXFrameworksBuildPhase;
			buildActionMask = 2147483647;
			files = (
				DA2BE0DEDBE5E5506B392030 /* Pods_NatifeWeatherApp.framework in Frameworks */,
			);
			runOnlyForDeploymentPostprocessing = 0;
		};
/* End PBXFrameworksBuildPhase section */

/* Begin PBXGroup section */
		BC31272329A0FD7000DD5FD0 /* UICollectionViews */ = {
			isa = PBXGroup;
			children = (
				BC31272129A0FD5C00DD5FD0 /* HourlyWeatherCollectionView.swift */,
			);
			path = UICollectionViews;
			sourceTree = "<group>";
		};
		BC31272629A0FF9C00DD5FD0 /* Cells */ = {
			isa = PBXGroup;
			children = (
				BC31272429A0FF9700DD5FD0 /* HourlyWeatherCollectionCell.swift */,
				BC31272A29A11B8500DD5FD0 /* ForecastTableViewCell.swift */,
				BCC68D1629A2970300A2839E /* CityTableViewCell.swift */,
			);
			path = Cells;
			sourceTree = "<group>";
		};
		BC31272929A11A8300DD5FD0 /* TableViews */ = {
			isa = PBXGroup;
			children = (
				BC31272729A119B200DD5FD0 /* ForecastTableView.swift */,
				BCC68D1829A2985100A2839E /* CityTableView.swift */,
			);
			path = TableViews;
			sourceTree = "<group>";
		};
		BC31273229A256AF00DD5FD0 /* ViewControllers */ = {
			isa = PBXGroup;
			children = (
				BC31273029A2423000DD5FD0 /* RotatableViewController.swift */,
			);
			path = ViewControllers;
			sourceTree = "<group>";
		};
		BC31273529A260FB00DD5FD0 /* Buttons */ = {
			isa = PBXGroup;
			children = (
				BC31273329A2596500DD5FD0 /* TopLocationButton.swift */,
			);
			path = Buttons;
			sourceTree = "<group>";
		};
		BCB3061A2997BE550088ADBC = {
			isa = PBXGroup;
			children = (
				BCB306252997BE550088ADBC /* NatifeWeatherApp */,
				BCB306242997BE550088ADBC /* Products */,
				F9E5E9177ED73F9DA412574C /* Pods */,
				C4CAAF7C093F0AF7DFA8A2AF /* Frameworks */,
			);
			sourceTree = "<group>";
		};
		BCB306242997BE550088ADBC /* Products */ = {
			isa = PBXGroup;
			children = (
				BCB306232997BE550088ADBC /* NatifeWeatherApp.app */,
			);
			name = Products;
			sourceTree = "<group>";
		};
		BCB306252997BE550088ADBC /* NatifeWeatherApp */ = {
			isa = PBXGroup;
			children = (
				BCB3064C299925930088ADBC /* Coordinator */,
				BCB3064D299925A10088ADBC /* Presenters */,
				BCB3064E299925BB0088ADBC /* Models */,
				BCB3065029992F120088ADBC /* Managers */,
				BCB3063B2997C20B0088ADBC /* Screens */,
				BCB3065129992F3A0088ADBC /* Views */,
				BCB3065329992F610088ADBC /* Extensions */,
				BCB3064F29992EDA0088ADBC /* Utilities */,
				BCB3063A2997C1F00088ADBC /* Support */,
				BCB306342997BE580088ADBC /* Info.plist */,
			);
			path = NatifeWeatherApp;
			sourceTree = "<group>";
		};
		BCB3063A2997C1F00088ADBC /* Support */ = {
			isa = PBXGroup;
			children = (
				BCB3062F2997BE580088ADBC /* Assets.xcassets */,
				BCB306282997BE550088ADBC /* SceneDelegate.swift */,
				BCB306262997BE550088ADBC /* AppDelegate.swift */,
				BCB306312997BE580088ADBC /* LaunchScreen.storyboard */,
			);
			path = Support;
			sourceTree = "<group>";
		};
		BCB3063B2997C20B0088ADBC /* Screens */ = {
			isa = PBXGroup;
			children = (
				BCB3062A2997BE550088ADBC /* WeatherMainViewController.swift */,
				BC31273629A2767100DD5FD0 /* CityListViewController.swift */,
			);
			path = Screens;
			sourceTree = "<group>";
		};
		BCB3064C299925930088ADBC /* Coordinator */ = {
			isa = PBXGroup;
			children = (
				BCB3063C2997C22F0088ADBC /* WeatherCoordinator.swift */,
			);
			path = Coordinator;
			sourceTree = "<group>";
		};
		BCB3064D299925A10088ADBC /* Presenters */ = {
			isa = PBXGroup;
			children = (
				BCB3063E2997C2E70088ADBC /* WeatherPresenter.swift */,
			);
			path = Presenters;
			sourceTree = "<group>";
		};
		BCB3064E299925BB0088ADBC /* Models */ = {
			isa = PBXGroup;
			children = (
				BCB306402997C34F0088ADBC /* WeatherModel.swift */,
				BCC68D2B29A524A200A2839E /* WeatherData.swift */,
			);
			path = Models;
			sourceTree = "<group>";
		};
		BCB3064F29992EDA0088ADBC /* Utilities */ = {
			isa = PBXGroup;
			children = (
				BCB306462997CB010088ADBC /* NetworkErrors.swift */,
				BCB306422997C3A50088ADBC /* Constants.swift */,
			);
			path = Utilities;
			sourceTree = "<group>";
		};
		BCB3065029992F120088ADBC /* Managers */ = {
			isa = PBXGroup;
			children = (
				BCB306442997C51A0088ADBC /* NetworkManager.swift */,
			);
			path = Managers;
			sourceTree = "<group>";
		};
		BCB3065129992F3A0088ADBC /* Views */ = {
			isa = PBXGroup;
			children = (
				BCB3065229992F450088ADBC /* ChildViewControllers */,
				BCB3065C29994FE00088ADBC /* UILabels */,
				BCB3065D29994FFA0088ADBC /* UIImageViews */,
				BCB3066429995FCA0088ADBC /* UIViews */,
				BC31272329A0FD7000DD5FD0 /* UICollectionViews */,
				BCC68D1C29A29FD400A2839E /* SearchBar */,
				BC31272629A0FF9C00DD5FD0 /* Cells */,
				BC31272929A11A8300DD5FD0 /* TableViews */,
				BC31273229A256AF00DD5FD0 /* ViewControllers */,
				BC31273529A260FB00DD5FD0 /* Buttons */,
				BCC68D1429A28FC200A2839E /* CityTextField.swift */,
			);
			path = Views;
			sourceTree = "<group>";
		};
		BCB3065229992F450088ADBC /* ChildViewControllers */ = {
			isa = PBXGroup;
			children = (
				BCB3064A299925880088ADBC /* TopNameViewController.swift */,
				BCB30660299950E10088ADBC /* DailyWeatherViewController.swift */,
				BC3126F3299E4E1900DD5FD0 /* HourlyWeatherViewController.swift */,
				BC3126F5299E51DE00DD5FD0 /* ForecastWeatherViewController.swift */,
			);
			path = ChildViewControllers;
			sourceTree = "<group>";
		};
		BCB3065329992F610088ADBC /* Extensions */ = {
			isa = PBXGroup;
			children = (
				BCB3064829991E2F0088ADBC /* UIView+Ext.swift */,
				BCB306542999368F0088ADBC /* UIColor+Ext.swift */,
				BCC68D2D29A53BAA00A2839E /* BaseTypes+Ext.swift */,
			);
			path = Extensions;
			sourceTree = "<group>";
		};
		BCB3065C29994FE00088ADBC /* UILabels */ = {
			isa = PBXGroup;
			children = (
				BCB30658299949880088ADBC /* WeatherLabel.swift */,
			);
			path = UILabels;
			sourceTree = "<group>";
		};
		BCB3065D29994FFA0088ADBC /* UIImageViews */ = {
			isa = PBXGroup;
			children = (
				BCB3065A29994A410088ADBC /* WeatherImageView.swift */,
			);
			path = UIImageViews;
			sourceTree = "<group>";
		};
		BCB3066429995FCA0088ADBC /* UIViews */ = {
			isa = PBXGroup;
			children = (
				BCB306622999548A0088ADBC /* DailyIndexesView.swift */,
			);
			path = UIViews;
			sourceTree = "<group>";
		};
		BCC68D1C29A29FD400A2839E /* SearchBar */ = {
			isa = PBXGroup;
			children = (
				BCC68D1A29A29B0100A2839E /* CitySearchBar.swift */,
			);
			path = SearchBar;
			sourceTree = "<group>";
		};
		C4CAAF7C093F0AF7DFA8A2AF /* Frameworks */ = {
			isa = PBXGroup;
			children = (
				B5882D76B1F5D2441127BB1B /* Pods_NatifeWeatherApp.framework */,
			);
			name = Frameworks;
			sourceTree = "<group>";
		};
		F9E5E9177ED73F9DA412574C /* Pods */ = {
			isa = PBXGroup;
			children = (
				B70DE15088FE3E1E0557AF80 /* Pods-NatifeWeatherApp.debug.xcconfig */,
				CB10C958D77849A9ACC74AD9 /* Pods-NatifeWeatherApp.release.xcconfig */,
			);
			path = Pods;
			sourceTree = "<group>";
		};
/* End PBXGroup section */

/* Begin PBXNativeTarget section */
		BCB306222997BE550088ADBC /* NatifeWeatherApp */ = {
			isa = PBXNativeTarget;
			buildConfigurationList = BCB306372997BE580088ADBC /* Build configuration list for PBXNativeTarget "NatifeWeatherApp" */;
			buildPhases = (
				17DD94980FE00F1A156E099B /* [CP] Check Pods Manifest.lock */,
				BCB3061F2997BE550088ADBC /* Sources */,
				BCB306202997BE550088ADBC /* Frameworks */,
				BCB306212997BE550088ADBC /* Resources */,
				8D4ED0B153C93311B07E7AE6 /* [CP] Embed Pods Frameworks */,
			);
			buildRules = (
			);
			dependencies = (
			);
			name = NatifeWeatherApp;
			productName = NatifeWeatherApp;
			productReference = BCB306232997BE550088ADBC /* NatifeWeatherApp.app */;
			productType = "com.apple.product-type.application";
		};
/* End PBXNativeTarget section */

/* Begin PBXProject section */
		BCB3061B2997BE550088ADBC /* Project object */ = {
			isa = PBXProject;
			attributes = {
				BuildIndependentTargetsInParallel = 1;
				LastSwiftUpdateCheck = 1420;
				LastUpgradeCheck = 1420;
				TargetAttributes = {
					BCB306222997BE550088ADBC = {
						CreatedOnToolsVersion = 14.2;
					};
				};
			};
			buildConfigurationList = BCB3061E2997BE550088ADBC /* Build configuration list for PBXProject "NatifeWeatherApp" */;
			compatibilityVersion = "Xcode 14.0";
			developmentRegion = en;
			hasScannedForEncodings = 0;
			knownRegions = (
				en,
				Base,
			);
			mainGroup = BCB3061A2997BE550088ADBC;
			productRefGroup = BCB306242997BE550088ADBC /* Products */;
			projectDirPath = "";
			projectRoot = "";
			targets = (
				BCB306222997BE550088ADBC /* NatifeWeatherApp */,
			);
		};
/* End PBXProject section */

/* Begin PBXResourcesBuildPhase section */
		BCB306212997BE550088ADBC /* Resources */ = {
			isa = PBXResourcesBuildPhase;
			buildActionMask = 2147483647;
			files = (
				BCB306332997BE580088ADBC /* LaunchScreen.storyboard in Resources */,
				BCB306302997BE580088ADBC /* Assets.xcassets in Resources */,
			);
			runOnlyForDeploymentPostprocessing = 0;
		};
/* End PBXResourcesBuildPhase section */

/* Begin PBXShellScriptBuildPhase section */
		17DD94980FE00F1A156E099B /* [CP] Check Pods Manifest.lock */ = {
			isa = PBXShellScriptBuildPhase;
			buildActionMask = 2147483647;
			files = (
			);
			inputFileListPaths = (
			);
			inputPaths = (
				"${PODS_PODFILE_DIR_PATH}/Podfile.lock",
				"${PODS_ROOT}/Manifest.lock",
			);
			name = "[CP] Check Pods Manifest.lock";
			outputFileListPaths = (
			);
			outputPaths = (
				"$(DERIVED_FILE_DIR)/Pods-NatifeWeatherApp-checkManifestLockResult.txt",
			);
			runOnlyForDeploymentPostprocessing = 0;
			shellPath = /bin/sh;
			shellScript = "diff \"${PODS_PODFILE_DIR_PATH}/Podfile.lock\" \"${PODS_ROOT}/Manifest.lock\" > /dev/null\nif [ $? != 0 ] ; then\n    # print error to STDERR\n    echo \"error: The sandbox is not in sync with the Podfile.lock. Run 'pod install' or update your CocoaPods installation.\" >&2\n    exit 1\nfi\n# This output is used by Xcode 'outputs' to avoid re-running this script phase.\necho \"SUCCESS\" > \"${SCRIPT_OUTPUT_FILE_0}\"\n";
			showEnvVarsInLog = 0;
		};
		8D4ED0B153C93311B07E7AE6 /* [CP] Embed Pods Frameworks */ = {
			isa = PBXShellScriptBuildPhase;
			buildActionMask = 2147483647;
			files = (
			);
			inputFileListPaths = (
				"${PODS_ROOT}/Target Support Files/Pods-NatifeWeatherApp/Pods-NatifeWeatherApp-frameworks-${CONFIGURATION}-input-files.xcfilelist",
			);
			name = "[CP] Embed Pods Frameworks";
			outputFileListPaths = (
				"${PODS_ROOT}/Target Support Files/Pods-NatifeWeatherApp/Pods-NatifeWeatherApp-frameworks-${CONFIGURATION}-output-files.xcfilelist",
			);
			runOnlyForDeploymentPostprocessing = 0;
			shellPath = /bin/sh;
			shellScript = "\"${PODS_ROOT}/Target Support Files/Pods-NatifeWeatherApp/Pods-NatifeWeatherApp-frameworks.sh\"\n";
			showEnvVarsInLog = 0;
		};
/* End PBXShellScriptBuildPhase section */

/* Begin PBXSourcesBuildPhase section */
		BCB3061F2997BE550088ADBC /* Sources */ = {
			isa = PBXSourcesBuildPhase;
			buildActionMask = 2147483647;
			files = (
				BCB3063F2997C2E70088ADBC /* WeatherPresenter.swift in Sources */,
				BC31272529A0FF9700DD5FD0 /* HourlyWeatherCollectionCell.swift in Sources */,
				BC31273129A2423000DD5FD0 /* RotatableViewController.swift in Sources */,
				BC31273729A2767100DD5FD0 /* CityListViewController.swift in Sources */,
				BC31272B29A11B8500DD5FD0 /* ForecastTableViewCell.swift in Sources */,
				BCB3062B2997BE550088ADBC /* WeatherMainViewController.swift in Sources */,
				BC31272229A0FD5C00DD5FD0 /* HourlyWeatherCollectionView.swift in Sources */,
				BC3126F4299E4E1900DD5FD0 /* HourlyWeatherViewController.swift in Sources */,
				BCB3064929991E2F0088ADBC /* UIView+Ext.swift in Sources */,
				BCC68D1729A2970300A2839E /* CityTableViewCell.swift in Sources */,
				BCC68D1929A2985100A2839E /* CityTableView.swift in Sources */,
				BCB306632999548A0088ADBC /* DailyIndexesView.swift in Sources */,
				BCB306272997BE550088ADBC /* AppDelegate.swift in Sources */,
				BCB306292997BE550088ADBC /* SceneDelegate.swift in Sources */,
				BC3126F6299E51DE00DD5FD0 /* ForecastWeatherViewController.swift in Sources */,
				BCC68D2E29A53BAA00A2839E /* BaseTypes+Ext.swift in Sources */,
				BCB306452997C51A0088ADBC /* NetworkManager.swift in Sources */,
				BCC68D2C29A524A200A2839E /* WeatherData.swift in Sources */,
				BCB306432997C3A50088ADBC /* Constants.swift in Sources */,
				BCB306412997C34F0088ADBC /* WeatherModel.swift in Sources */,
				BCB3063D2997C22F0088ADBC /* WeatherCoordinator.swift in Sources */,
				BCB30661299950E10088ADBC /* DailyWeatherViewController.swift in Sources */,
				BCB306552999368F0088ADBC /* UIColor+Ext.swift in Sources */,
				BC31273429A2596500DD5FD0 /* TopLocationButton.swift in Sources */,
				BCC68D1529A28FC200A2839E /* CityTextField.swift in Sources */,
				BCC68D1B29A29B0100A2839E /* CitySearchBar.swift in Sources */,
				BC31272829A119B200DD5FD0 /* ForecastTableView.swift in Sources */,
				BCB3064B299925880088ADBC /* TopNameViewController.swift in Sources */,
				BCB30659299949880088ADBC /* WeatherLabel.swift in Sources */,
				BCB3065B29994A410088ADBC /* WeatherImageView.swift in Sources */,
				BCB306472997CB010088ADBC /* NetworkErrors.swift in Sources */,
			);
			runOnlyForDeploymentPostprocessing = 0;
		};
/* End PBXSourcesBuildPhase section */

/* Begin PBXVariantGroup section */
		BCB306312997BE580088ADBC /* LaunchScreen.storyboard */ = {
			isa = PBXVariantGroup;
			children = (
				BCB306322997BE580088ADBC /* Base */,
			);
			name = LaunchScreen.storyboard;
			sourceTree = "<group>";
		};
/* End PBXVariantGroup section */

/* Begin XCBuildConfiguration section */
		BCB306352997BE580088ADBC /* Debug */ = {
			isa = XCBuildConfiguration;
			buildSettings = {
				ALWAYS_SEARCH_USER_PATHS = NO;
				CLANG_ANALYZER_NONNULL = YES;
				CLANG_ANALYZER_NUMBER_OBJECT_CONVERSION = YES_AGGRESSIVE;
				CLANG_CXX_LANGUAGE_STANDARD = "gnu++20";
				CLANG_ENABLE_MODULES = YES;
				CLANG_ENABLE_OBJC_ARC = YES;
				CLANG_ENABLE_OBJC_WEAK = YES;
				CLANG_WARN_BLOCK_CAPTURE_AUTORELEASING = YES;
				CLANG_WARN_BOOL_CONVERSION = YES;
				CLANG_WARN_COMMA = YES;
				CLANG_WARN_CONSTANT_CONVERSION = YES;
				CLANG_WARN_DEPRECATED_OBJC_IMPLEMENTATIONS = YES;
				CLANG_WARN_DIRECT_OBJC_ISA_USAGE = YES_ERROR;
				CLANG_WARN_DOCUMENTATION_COMMENTS = YES;
				CLANG_WARN_EMPTY_BODY = YES;
				CLANG_WARN_ENUM_CONVERSION = YES;
				CLANG_WARN_INFINITE_RECURSION = YES;
				CLANG_WARN_INT_CONVERSION = YES;
				CLANG_WARN_NON_LITERAL_NULL_CONVERSION = YES;
				CLANG_WARN_OBJC_IMPLICIT_RETAIN_SELF = YES;
				CLANG_WARN_OBJC_LITERAL_CONVERSION = YES;
				CLANG_WARN_OBJC_ROOT_CLASS = YES_ERROR;
				CLANG_WARN_QUOTED_INCLUDE_IN_FRAMEWORK_HEADER = YES;
				CLANG_WARN_RANGE_LOOP_ANALYSIS = YES;
				CLANG_WARN_STRICT_PROTOTYPES = YES;
				CLANG_WARN_SUSPICIOUS_MOVE = YES;
				CLANG_WARN_UNGUARDED_AVAILABILITY = YES_AGGRESSIVE;
				CLANG_WARN_UNREACHABLE_CODE = YES;
				CLANG_WARN__DUPLICATE_METHOD_MATCH = YES;
				COPY_PHASE_STRIP = NO;
				DEBUG_INFORMATION_FORMAT = dwarf;
				ENABLE_STRICT_OBJC_MSGSEND = YES;
				ENABLE_TESTABILITY = YES;
				GCC_C_LANGUAGE_STANDARD = gnu11;
				GCC_DYNAMIC_NO_PIC = NO;
				GCC_NO_COMMON_BLOCKS = YES;
				GCC_OPTIMIZATION_LEVEL = 0;
				GCC_PREPROCESSOR_DEFINITIONS = (
					"DEBUG=1",
					"$(inherited)",
				);
				GCC_WARN_64_TO_32_BIT_CONVERSION = YES;
				GCC_WARN_ABOUT_RETURN_TYPE = YES_ERROR;
				GCC_WARN_UNDECLARED_SELECTOR = YES;
				GCC_WARN_UNINITIALIZED_AUTOS = YES_AGGRESSIVE;
				GCC_WARN_UNUSED_FUNCTION = YES;
				GCC_WARN_UNUSED_VARIABLE = YES;
				IPHONEOS_DEPLOYMENT_TARGET = 16.2;
				MTL_ENABLE_DEBUG_INFO = INCLUDE_SOURCE;
				MTL_FAST_MATH = YES;
				ONLY_ACTIVE_ARCH = YES;
				SDKROOT = iphoneos;
				SWIFT_ACTIVE_COMPILATION_CONDITIONS = DEBUG;
				SWIFT_OPTIMIZATION_LEVEL = "-Onone";
			};
			name = Debug;
		};
		BCB306362997BE580088ADBC /* Release */ = {
			isa = XCBuildConfiguration;
			buildSettings = {
				ALWAYS_SEARCH_USER_PATHS = NO;
				CLANG_ANALYZER_NONNULL = YES;
				CLANG_ANALYZER_NUMBER_OBJECT_CONVERSION = YES_AGGRESSIVE;
				CLANG_CXX_LANGUAGE_STANDARD = "gnu++20";
				CLANG_ENABLE_MODULES = YES;
				CLANG_ENABLE_OBJC_ARC = YES;
				CLANG_ENABLE_OBJC_WEAK = YES;
				CLANG_WARN_BLOCK_CAPTURE_AUTORELEASING = YES;
				CLANG_WARN_BOOL_CONVERSION = YES;
				CLANG_WARN_COMMA = YES;
				CLANG_WARN_CONSTANT_CONVERSION = YES;
				CLANG_WARN_DEPRECATED_OBJC_IMPLEMENTATIONS = YES;
				CLANG_WARN_DIRECT_OBJC_ISA_USAGE = YES_ERROR;
				CLANG_WARN_DOCUMENTATION_COMMENTS = YES;
				CLANG_WARN_EMPTY_BODY = YES;
				CLANG_WARN_ENUM_CONVERSION = YES;
				CLANG_WARN_INFINITE_RECURSION = YES;
				CLANG_WARN_INT_CONVERSION = YES;
				CLANG_WARN_NON_LITERAL_NULL_CONVERSION = YES;
				CLANG_WARN_OBJC_IMPLICIT_RETAIN_SELF = YES;
				CLANG_WARN_OBJC_LITERAL_CONVERSION = YES;
				CLANG_WARN_OBJC_ROOT_CLASS = YES_ERROR;
				CLANG_WARN_QUOTED_INCLUDE_IN_FRAMEWORK_HEADER = YES;
				CLANG_WARN_RANGE_LOOP_ANALYSIS = YES;
				CLANG_WARN_STRICT_PROTOTYPES = YES;
				CLANG_WARN_SUSPICIOUS_MOVE = YES;
				CLANG_WARN_UNGUARDED_AVAILABILITY = YES_AGGRESSIVE;
				CLANG_WARN_UNREACHABLE_CODE = YES;
				CLANG_WARN__DUPLICATE_METHOD_MATCH = YES;
				COPY_PHASE_STRIP = NO;
				DEBUG_INFORMATION_FORMAT = "dwarf-with-dsym";
				ENABLE_NS_ASSERTIONS = NO;
				ENABLE_STRICT_OBJC_MSGSEND = YES;
				GCC_C_LANGUAGE_STANDARD = gnu11;
				GCC_NO_COMMON_BLOCKS = YES;
				GCC_WARN_64_TO_32_BIT_CONVERSION = YES;
				GCC_WARN_ABOUT_RETURN_TYPE = YES_ERROR;
				GCC_WARN_UNDECLARED_SELECTOR = YES;
				GCC_WARN_UNINITIALIZED_AUTOS = YES_AGGRESSIVE;
				GCC_WARN_UNUSED_FUNCTION = YES;
				GCC_WARN_UNUSED_VARIABLE = YES;
				IPHONEOS_DEPLOYMENT_TARGET = 16.2;
				MTL_ENABLE_DEBUG_INFO = NO;
				MTL_FAST_MATH = YES;
				SDKROOT = iphoneos;
				SWIFT_COMPILATION_MODE = wholemodule;
				SWIFT_OPTIMIZATION_LEVEL = "-O";
				VALIDATE_PRODUCT = YES;
			};
			name = Release;
		};
		BCB306382997BE580088ADBC /* Debug */ = {
			isa = XCBuildConfiguration;
			baseConfigurationReference = B70DE15088FE3E1E0557AF80 /* Pods-NatifeWeatherApp.debug.xcconfig */;
			buildSettings = {
				ASSETCATALOG_COMPILER_APPICON_NAME = AppIcon;
				ASSETCATALOG_COMPILER_GLOBAL_ACCENT_COLOR_NAME = AccentColor;
				CODE_SIGN_STYLE = Automatic;
				CURRENT_PROJECT_VERSION = 1;
				DEVELOPMENT_TEAM = K33FXWL25N;
				GENERATE_INFOPLIST_FILE = YES;
				INFOPLIST_FILE = NatifeWeatherApp/Info.plist;
				INFOPLIST_KEY_UIApplicationSupportsIndirectInputEvents = YES;
				INFOPLIST_KEY_UILaunchStoryboardName = LaunchScreen;
				INFOPLIST_KEY_UIMainStoryboardFile = "";
				INFOPLIST_KEY_UISupportedInterfaceOrientations_iPad = "UIInterfaceOrientationPortrait UIInterfaceOrientationPortraitUpsideDown UIInterfaceOrientationLandscapeLeft UIInterfaceOrientationLandscapeRight";
				INFOPLIST_KEY_UISupportedInterfaceOrientations_iPhone = "UIInterfaceOrientationPortrait UIInterfaceOrientationLandscapeLeft UIInterfaceOrientationLandscapeRight";
				LD_RUNPATH_SEARCH_PATHS = (
					"$(inherited)",
					"@executable_path/Frameworks",
				);
				MARKETING_VERSION = 1.0;
				PRODUCT_BUNDLE_IDENTIFIER = com.anatolii.ostapenko.NatifeWeatherApp;
				PRODUCT_NAME = "$(TARGET_NAME)";
				SWIFT_EMIT_LOC_STRINGS = YES;
				SWIFT_VERSION = 5.0;
				TARGETED_DEVICE_FAMILY = "1,2";
			};
			name = Debug;
		};
		BCB306392997BE580088ADBC /* Release */ = {
			isa = XCBuildConfiguration;
			baseConfigurationReference = CB10C958D77849A9ACC74AD9 /* Pods-NatifeWeatherApp.release.xcconfig */;
			buildSettings = {
				ASSETCATALOG_COMPILER_APPICON_NAME = AppIcon;
				ASSETCATALOG_COMPILER_GLOBAL_ACCENT_COLOR_NAME = AccentColor;
				CODE_SIGN_STYLE = Automatic;
				CURRENT_PROJECT_VERSION = 1;
				DEVELOPMENT_TEAM = K33FXWL25N;
				GENERATE_INFOPLIST_FILE = YES;
				INFOPLIST_FILE = NatifeWeatherApp/Info.plist;
				INFOPLIST_KEY_UIApplicationSupportsIndirectInputEvents = YES;
				INFOPLIST_KEY_UILaunchStoryboardName = LaunchScreen;
				INFOPLIST_KEY_UIMainStoryboardFile = "";
				INFOPLIST_KEY_UISupportedInterfaceOrientations_iPad = "UIInterfaceOrientationPortrait UIInterfaceOrientationPortraitUpsideDown UIInterfaceOrientationLandscapeLeft UIInterfaceOrientationLandscapeRight";
				INFOPLIST_KEY_UISupportedInterfaceOrientations_iPhone = "UIInterfaceOrientationPortrait UIInterfaceOrientationLandscapeLeft UIInterfaceOrientationLandscapeRight";
				LD_RUNPATH_SEARCH_PATHS = (
					"$(inherited)",
					"@executable_path/Frameworks",
				);
				MARKETING_VERSION = 1.0;
				PRODUCT_BUNDLE_IDENTIFIER = com.anatolii.ostapenko.NatifeWeatherApp;
				PRODUCT_NAME = "$(TARGET_NAME)";
				SWIFT_EMIT_LOC_STRINGS = YES;
				SWIFT_VERSION = 5.0;
				TARGETED_DEVICE_FAMILY = "1,2";
			};
			name = Release;
		};
/* End XCBuildConfiguration section */

/* Begin XCConfigurationList section */
		BCB3061E2997BE550088ADBC /* Build configuration list for PBXProject "NatifeWeatherApp" */ = {
			isa = XCConfigurationList;
			buildConfigurations = (
				BCB306352997BE580088ADBC /* Debug */,
				BCB306362997BE580088ADBC /* Release */,
			);
			defaultConfigurationIsVisible = 0;
			defaultConfigurationName = Release;
		};
		BCB306372997BE580088ADBC /* Build configuration list for PBXNativeTarget "NatifeWeatherApp" */ = {
			isa = XCConfigurationList;
			buildConfigurations = (
				BCB306382997BE580088ADBC /* Debug */,
				BCB306392997BE580088ADBC /* Release */,
			);
			defaultConfigurationIsVisible = 0;
			defaultConfigurationName = Release;
		};
/* End XCConfigurationList section */
	};
	rootObject = BCB3061B2997BE550088ADBC /* Project object */;
}
